
Microsoft Visual Studio Solution File, Format Version 12.00
# Visual Studio Version 17
Project("{8BC9CEB8-8B4A-11D0-8D11-00A0C91BC942}") = "ALL_BUILD", "ALL_BUILD.vcxproj", "{F56458EC-C479-3BD3-ADCA-CA7206E42353}"
	ProjectSection(ProjectDependencies) = postProject
		{992F34FA-44DE-32DA-984D-09ECDF0146FA} = {992F34FA-44DE-32DA-984D-09ECDF0146FA}
		{2A0BD0A6-3D6D-3D98-85B2-0585417CEE0F} = {2A0BD0A6-3D6D-3D98-85B2-0585417CEE0F}
		{3D7937C7-C423-3376-88D2-4CCC08849375} = {3D7937C7-C423-3376-88D2-4CCC08849375}
		{494AAD8F-005A-3AAF-BCEF-4AE9BD7F3CB0} = {494AAD8F-005A-3AAF-BCEF-4AE9BD7F3CB0}
		{0C13EFAE-9ED5-3DC5-AC9F-F076B7704A57} = {0C13EFAE-9ED5-3DC5-AC9F-F076B7704A57}
		{67BC8939-434C-305C-897A-6377423AA04D} = {67BC8939-434C-305C-897A-6377423AA04D}
		{5CDB1046-EC72-3492-8C6F-455C4B9C3B26} = {5CDB1046-EC72-3492-8C6F-455C4B9C3B26}
		{65BCFA31-A6BB-355E-AEF3-2027ED686D23} = {65BCFA31-A6BB-355E-AEF3-2027ED686D23}
		{92C4930C-B6F6-3CFF-8AF0-C7A7DD16E447} = {92C4930C-B6F6-3CFF-8AF0-C7A7DD16E447}
		{5D6BD043-99BD-341A-BE54-FF0145D2CD9C} = {5D6BD043-99BD-341A-BE54-FF0145D2CD9C}
		{6B85053C-9D63-3095-A42C-6A1281EB2D87} = {6B85053C-9D63-3095-A42C-6A1281EB2D87}
		{E6E85A16-CFE8-3715-AB13-BA34AA80B754} = {E6E85A16-CFE8-3715-AB13-BA34AA80B754}
		{BB12DE3E-439A-3990-BDF5-5B8E9AEABE15} = {BB12DE3E-439A-3990-BDF5-5B8E9AEABE15}
	EndProjectSection
EndProject
Project("{8BC9CEB8-8B4A-11D0-8D11-00A0C91BC942}") = "RUN_TESTS", "RUN_TESTS.vcxproj", "{6CE61ACD-904B-36AD-B9ED-30635283DBBA}"
	ProjectSection(ProjectDependencies) = postProject
		{992F34FA-44DE-32DA-984D-09ECDF0146FA} = {992F34FA-44DE-32DA-984D-09ECDF0146FA}
	EndProjectSection
EndProject
Project("{8BC9CEB8-8B4A-11D0-8D11-00A0C91BC942}") = "ZERO_CHECK", "ZERO_CHECK.vcxproj", "{992F34FA-44DE-32DA-984D-09ECDF0146FA}"
	ProjectSection(ProjectDependencies) = postProject
	EndProjectSection
EndProject
Project("{8BC9CEB8-8B4A-11D0-8D11-00A0C91BC942}") = "device_minimal", "device_minimal.vcxproj", "{2A0BD0A6-3D6D-3D98-85B2-0585417CEE0F}"
	ProjectSection(ProjectDependencies) = postProject
		{992F34FA-44DE-32DA-984D-09ECDF0146FA} = {992F34FA-44DE-32DA-984D-09ECDF0146FA}
		{494AAD8F-005A-3AAF-BCEF-4AE9BD7F3CB0} = {494AAD8F-005A-3AAF-BCEF-4AE9BD7F3CB0}
	EndProjectSection
EndProject
Project("{8BC9CEB8-8B4A-11D0-8D11-00A0C91BC942}") = "leap_conformance", "leap_cli\leap_conformance.vcxproj", "{3D7937C7-C423-3376-88D2-4CCC08849375}"
	ProjectSection(ProjectDependencies) = postProject
		{992F34FA-44DE-32DA-984D-09ECDF0146FA} = {992F34FA-44DE-32DA-984D-09ECDF0146FA}
		{494AAD8F-005A-3AAF-BCEF-4AE9BD7F3CB0} = {494AAD8F-005A-3AAF-BCEF-4AE9BD7F3CB0}
	EndProjectSection
EndProject
Project("{8BC9CEB8-8B4A-11D0-8D11-00A0C91BC942}") = "leap_core", "leap_core\leap_core.vcxproj", "{494AAD8F-005A-3AAF-BCEF-4AE9BD7F3CB0}"
	ProjectSection(ProjectDependencies) = postProject
		{992F34FA-44DE-32DA-984D-09ECDF0146FA} = {992F34FA-44DE-32DA-984D-09ECDF0146FA}
	EndProjectSection
EndProject
Project("{8BC9CEB8-8B4A-11D0-8D11-00A0C91BC942}") = "leap_studio_qt", "leap_studio_qt\leap_studio_qt.vcxproj", "{0C13EFAE-9ED5-3DC5-AC9F-F076B7704A57}"
	ProjectSection(ProjectDependencies) = postProject
		{992F34FA-44DE-32DA-984D-09ECDF0146FA} = {992F34FA-44DE-32DA-984D-09ECDF0146FA}
		{494AAD8F-005A-3AAF-BCEF-4AE9BD7F3CB0} = {494AAD8F-005A-3AAF-BCEF-4AE9BD7F3CB0}
	EndProjectSection
EndProject
Project("{8BC9CEB8-8B4A-11D0-8D11-00A0C91BC942}") = "leap_studio_qt_deploy", "leap_studio_qt\leap_studio_qt_deploy.vcxproj", "{64F7DDB4-10B1-3DAA-A5E7-47DE21DF26A1}"
	ProjectSection(ProjectDependencies) = postProject
		{992F34FA-44DE-32DA-984D-09ECDF0146FA} = {992F34FA-44DE-32DA-984D-09ECDF0146FA}
		{0C13EFAE-9ED5-3DC5-AC9F-F076B7704A57} = {0C13EFAE-9ED5-3DC5-AC9F-F076B7704A57}
	EndProjectSection
EndProject
Project("{8BC9CEB8-8B4A-11D0-8D11-00A0C91BC942}") = "leap_tests", "leap_tests.vcxproj", "{67BC8939-434C-305C-897A-6377423AA04D}"
	ProjectSection(ProjectDependencies) = postProject
		{992F34FA-44DE-32DA-984D-09ECDF0146FA} = {992F34FA-44DE-32DA-984D-09ECDF0146FA}
		{494AAD8F-005A-3AAF-BCEF-4AE9BD7F3CB0} = {494AAD8F-005A-3AAF-BCEF-4AE9BD7F3CB0}
	EndProjectSection
EndProject
Project("{8BC9CEB8-8B4A-11D0-8D11-00A0C91BC942}") = "leap_win_controller", "leap_cli\leap_win_controller.vcxproj", "{5CDB1046-EC72-3492-8C6F-455C4B9C3B26}"
	ProjectSection(ProjectDependencies) = postProject
		{992F34FA-44DE-32DA-984D-09ECDF0146FA} = {992F34FA-44DE-32DA-984D-09ECDF0146FA}
		{494AAD8F-005A-3AAF-BCEF-4AE9BD7F3CB0} = {494AAD8F-005A-3AAF-BCEF-4AE9BD7F3CB0}
	EndProjectSection
EndProject
Project("{8BC9CEB8-8B4A-11D0-8D11-00A0C91BC942}") = "leap_win_device", "leap_cli\leap_win_device.vcxproj", "{65BCFA31-A6BB-355E-AEF3-2027ED686D23}"
	ProjectSection(ProjectDependencies) = postProject
		{992F34FA-44DE-32DA-984D-09ECDF0146FA} = {992F34FA-44DE-32DA-984D-09ECDF0146FA}
		{494AAD8F-005A-3AAF-BCEF-4AE9BD7F3CB0} = {494AAD8F-005A-3AAF-BCEF-4AE9BD7F3CB0}
	EndProjectSection
EndProject
Project("{8BC9CEB8-8B4A-11D0-8D11-00A0C91BC942}") = "leap_win_discover", "leap_cli\leap_win_discover.vcxproj", "{92C4930C-B6F6-3CFF-8AF0-C7A7DD16E447}"
	ProjectSection(ProjectDependencies) = postProject
		{992F34FA-44DE-32DA-984D-09ECDF0146FA} = {992F34FA-44DE-32DA-984D-09ECDF0146FA}
		{494AAD8F-005A-3AAF-BCEF-4AE9BD7F3CB0} = {494AAD8F-005A-3AAF-BCEF-4AE9BD7F3CB0}
	EndProjectSection
EndProject
Project("{8BC9CEB8-8B4A-11D0-8D11-00A0C91BC942}") = "leap_win_hub", "leap_cli\leap_win_hub.vcxproj", "{5D6BD043-99BD-341A-BE54-FF0145D2CD9C}"
	ProjectSection(ProjectDependencies) = postProject
		{992F34FA-44DE-32DA-984D-09ECDF0146FA} = {992F34FA-44DE-32DA-984D-09ECDF0146FA}
		{494AAD8F-005A-3AAF-BCEF-4AE9BD7F3CB0} = {494AAD8F-005A-3AAF-BCEF-4AE9BD7F3CB0}
	EndProjectSection
EndProject
Project("{8BC9CEB8-8B4A-11D0-8D11-00A0C91BC942}") = "leap_win_identify", "leap_cli\leap_win_identify.vcxproj", "{6B85053C-9D63-3095-A42C-6A1281EB2D87}"
	ProjectSection(ProjectDependencies) = postProject
		{992F34FA-44DE-32DA-984D-09ECDF0146FA} = {992F34FA-44DE-32DA-984D-09ECDF0146FA}
		{494AAD8F-005A-3AAF-BCEF-4AE9BD7F3CB0} = {494AAD8F-005A-3AAF-BCEF-4AE9BD7F3CB0}
	EndProjectSection
EndProject
Project("{8BC9CEB8-8B4A-11D0-8D11-00A0C91BC942}") = "leap_win_raw_tx", "leap_cli\leap_win_raw_tx.vcxproj", "{E6E85A16-CFE8-3715-AB13-BA34AA80B754}"
	ProjectSection(ProjectDependencies) = postProject
		{992F34FA-44DE-32DA-984D-09ECDF0146FA} = {992F34FA-44DE-32DA-984D-09ECDF0146FA}
		{494AAD8F-005A-3AAF-BCEF-4AE9BD7F3CB0} = {494AAD8F-005A-3AAF-BCEF-4AE9BD7F3CB0}
	EndProjectSection
EndProject
Project("{8BC9CEB8-8B4A-11D0-8D11-00A0C91BC942}") = "leap_win_smoke", "leap_cli\leap_win_smoke.vcxproj", "{BB12DE3E-439A-3990-BDF5-5B8E9AEABE15}"
	ProjectSection(ProjectDependencies) = postProject
		{992F34FA-44DE-32DA-984D-09ECDF0146FA} = {992F34FA-44DE-32DA-984D-09ECDF0146FA}
		{494AAD8F-005A-3AAF-BCEF-4AE9BD7F3CB0} = {494AAD8F-005A-3AAF-BCEF-4AE9BD7F3CB0}
	EndProjectSection
EndProject
Global
	GlobalSection(SolutionConfigurationPlatforms) = preSolution
		Debug|x64 = Debug|x64
		Release|x64 = Release|x64
		MinSizeRel|x64 = MinSizeRel|x64
		RelWithDebInfo|x64 = RelWithDebInfo|x64
	EndGlobalSection
	GlobalSection(ProjectConfigurationPlatforms) = postSolution
		{F56458EC-C479-3BD3-ADCA-CA7206E42353}.Debug|x64.ActiveCfg = Debug|x64
		{F56458EC-C479-3BD3-ADCA-CA7206E42353}.Release|x64.ActiveCfg = Release|x64
		{F56458EC-C479-3BD3-ADCA-CA7206E42353}.MinSizeRel|x64.ActiveCfg = MinSizeRel|x64
		{F56458EC-C479-3BD3-ADCA-CA7206E42353}.RelWithDebInfo|x64.ActiveCfg = RelWithDebInfo|x64
		{6CE61ACD-904B-36AD-B9ED-30635283DBBA}.Debug|x64.ActiveCfg = Debug|x64
		{6CE61ACD-904B-36AD-B9ED-30635283DBBA}.Release|x64.ActiveCfg = Release|x64
		{6CE61ACD-904B-36AD-B9ED-30635283DBBA}.MinSizeRel|x64.ActiveCfg = MinSizeRel|x64
		{6CE61ACD-904B-36AD-B9ED-30635283DBBA}.RelWithDebInfo|x64.ActiveCfg = RelWithDebInfo|x64
		{992F34FA-44DE-32DA-984D-09ECDF0146FA}.Debug|x64.ActiveCfg = Debug|x64
		{992F34FA-44DE-32DA-984D-09ECDF0146FA}.Debug|x64.Build.0 = Debug|x64
		{992F34FA-44DE-32DA-984D-09ECDF0146FA}.Release|x64.ActiveCfg = Release|x64
		{992F34FA-44DE-32DA-984D-09ECDF0146FA}.Release|x64.Build.0 = Release|x64
		{992F34FA-44DE-32DA-984D-09ECDF0146FA}.MinSizeRel|x64.ActiveCfg = MinSizeRel|x64
		{992F34FA-44DE-32DA-984D-09ECDF0146FA}.MinSizeRel|x64.Build.0 = MinSizeRel|x64
		{992F34FA-44DE-32DA-984D-09ECDF0146FA}.RelWithDebInfo|x64.ActiveCfg = RelWithDebInfo|x64
		{992F34FA-44DE-32DA-984D-09ECDF0146FA}.RelWithDebInfo|x64.Build.0 = RelWithDebInfo|x64
		{2A0BD0A6-3D6D-3D98-85B2-0585417CEE0F}.Debug|x64.ActiveCfg = Debug|x64
		{2A0BD0A6-3D6D-3D98-85B2-0585417CEE0F}.Debug|x64.Build.0 = Debug|x64
		{2A0BD0A6-3D6D-3D98-85B2-0585417CEE0F}.Release|x64.ActiveCfg = Release|x64
		{2A0BD0A6-3D6D-3D98-85B2-0585417CEE0F}.Release|x64.Build.0 = Release|x64
		{2A0BD0A6-3D6D-3D98-85B2-0585417CEE0F}.MinSizeRel|x64.ActiveCfg = MinSizeRel|x64
		{2A0BD0A6-3D6D-3D98-85B2-0585417CEE0F}.MinSizeRel|x64.Build.0 = MinSizeRel|x64
		{2A0BD0A6-3D6D-3D98-85B2-0585417CEE0F}.RelWithDebInfo|x64.ActiveCfg = RelWithDebInfo|x64
		{2A0BD0A6-3D6D-3D98-85B2-0585417CEE0F}.RelWithDebInfo|x64.Build.0 = RelWithDebInfo|x64
		{3D7937C7-C423-3376-88D2-4CCC08849375}.Debug|x64.ActiveCfg = Debug|x64
		{3D7937C7-C423-3376-88D2-4CCC08849375}.Debug|x64.Build.0 = Debug|x64
		{3D7937C7-C423-3376-88D2-4CCC08849375}.Release|x64.ActiveCfg = Release|x64
		{3D7937C7-C423-3376-88D2-4CCC08849375}.Release|x64.Build.0 = Release|x64
		{3D7937C7-C423-3376-88D2-4CCC08849375}.MinSizeRel|x64.ActiveCfg = MinSizeRel|x64
		{3D7937C7-C423-3376-88D2-4CCC08849375}.MinSizeRel|x64.Build.0 = MinSizeRel|x64
		{3D7937C7-C423-3376-88D2-4CCC08849375}.RelWithDebInfo|x64.ActiveCfg = RelWithDebInfo|x64
		{3D7937C7-C423-3376-88D2-4CCC08849375}.RelWithDebInfo|x64.Build.0 = RelWithDebInfo|x64
		{494AAD8F-005A-3AAF-BCEF-4AE9BD7F3CB0}.Debug|x64.ActiveCfg = Debug|x64
		{494AAD8F-005A-3AAF-BCEF-4AE9BD7F3CB0}.Debug|x64.Build.0 = Debug|x64
		{494AAD8F-005A-3AAF-BCEF-4AE9BD7F3CB0}.Release|x64.ActiveCfg = Release|x64
		{494AAD8F-005A-3AAF-BCEF-4AE9BD7F3CB0}.Release|x64.Build.0 = Release|x64
		{494AAD8F-005A-3AAF-BCEF-4AE9BD7F3CB0}.MinSizeRel|x64.ActiveCfg = MinSizeRel|x64
		{494AAD8F-005A-3AAF-BCEF-4AE9BD7F3CB0}.MinSizeRel|x64.Build.0 = MinSizeRel|x64
		{494AAD8F-005A-3AAF-BCEF-4AE9BD7F3CB0}.RelWithDebInfo|x64.ActiveCfg = RelWithDebInfo|x64
		{494AAD8F-005A-3AAF-BCEF-4AE9BD7F3CB0}.RelWithDebInfo|x64.Build.0 = RelWithDebInfo|x64
		{0C13EFAE-9ED5-3DC5-AC9F-F076B7704A57}.Debug|x64.ActiveCfg = Debug|x64
		{0C13EFAE-9ED5-3DC5-AC9F-F076B7704A57}.Debug|x64.Build.0 = Debug|x64
		{0C13EFAE-9ED5-3DC5-AC9F-F076B7704A57}.Release|x64.ActiveCfg = Release|x64
		{0C13EFAE-9ED5-3DC5-AC9F-F076B7704A57}.Release|x64.Build.0 = Release|x64
		{0C13EFAE-9ED5-3DC5-AC9F-F076B7704A57}.MinSizeRel|x64.ActiveCfg = MinSizeRel|x64
		{0C13EFAE-9ED5-3DC5-AC9F-F076B7704A57}.MinSizeRel|x64.Build.0 = MinSizeRel|x64
		{0C13EFAE-9ED5-3DC5-AC9F-F076B7704A57}.RelWithDebInfo|x64.ActiveCfg = RelWithDebInfo|x64
		{0C13EFAE-9ED5-3DC5-AC9F-F076B7704A57}.RelWithDebInfo|x64.Build.0 = RelWithDebInfo|x64
		{64F7DDB4-10B1-3DAA-A5E7-47DE21DF26A1}.Debug|x64.ActiveCfg = Debug|x64
		{64F7DDB4-10B1-3DAA-A5E7-47DE21DF26A1}.Release|x64.ActiveCfg = Release|x64
		{64F7DDB4-10B1-3DAA-A5E7-47DE21DF26A1}.MinSizeRel|x64.ActiveCfg = MinSizeRel|x64
		{64F7DDB4-10B1-3DAA-A5E7-47DE21DF26A1}.RelWithDebInfo|x64.ActiveCfg = RelWithDebInfo|x64
		{67BC8939-434C-305C-897A-6377423AA04D}.Debug|x64.ActiveCfg = Debug|x64
		{67BC8939-434C-305C-897A-6377423AA04D}.Debug|x64.Build.0 = Debug|x64
		{67BC8939-434C-305C-897A-6377423AA04D}.Release|x64.ActiveCfg = Release|x64
		{67BC8939-434C-305C-897A-6377423AA04D}.Release|x64.Build.0 = Release|x64
		{67BC8939-434C-305C-897A-6377423AA04D}.MinSizeRel|x64.ActiveCfg = MinSizeRel|x64
		{67BC8939-434C-305C-897A-6377423AA04D}.MinSizeRel|x64.Build.0 = MinSizeRel|x64
		{67BC8939-434C-305C-897A-6377423AA04D}.RelWithDebInfo|x64.ActiveCfg = RelWithDebInfo|x64
		{67BC8939-434C-305C-897A-6377423AA04D}.RelWithDebInfo|x64.Build.0 = RelWithDebInfo|x64
		{5CDB1046-EC72-3492-8C6F-455C4B9C3B26}.Debug|x64.ActiveCfg = Debug|x64
		{5CDB1046-EC72-3492-8C6F-455C4B9C3B26}.Debug|x64.Build.0 = Debug|x64
		{5CDB1046-EC72-3492-8C6F-455C4B9C3B26}.Release|x64.ActiveCfg = Release|x64
		{5CDB1046-EC72-3492-8C6F-455C4B9C3B26}.Release|x64.Build.0 = Release|x64
		{5CDB1046-EC72-3492-8C6F-455C4B9C3B26}.MinSizeRel|x64.ActiveCfg = MinSizeRel|x64
		{5CDB1046-EC72-3492-8C6F-455C4B9C3B26}.MinSizeRel|x64.Build.0 = MinSizeRel|x64
		{5CDB1046-EC72-3492-8C6F-455C4B9C3B26}.RelWithDebInfo|x64.ActiveCfg = RelWithDebInfo|x64
		{5CDB1046-EC72-3492-8C6F-455C4B9C3B26}.RelWithDebInfo|x64.Build.0 = RelWithDebInfo|x64
		{65BCFA31-A6BB-355E-AEF3-2027ED686D23}.Debug|x64.ActiveCfg = Debug|x64
		{65BCFA31-A6BB-355E-AEF3-2027ED686D23}.Debug|x64.Build.0 = Debug|x64
		{65BCFA31-A6BB-355E-AEF3-2027ED686D23}.Release|x64.ActiveCfg = Release|x64
		{65BCFA31-A6BB-355E-AEF3-2027ED686D23}.Release|x64.Build.0 = Release|x64
		{65BCFA31-A6BB-355E-AEF3-2027ED686D23}.MinSizeRel|x64.ActiveCfg = MinSizeRel|x64
		{65BCFA31-A6BB-355E-AEF3-2027ED686D23}.MinSizeRel|x64.Build.0 = MinSizeRel|x64
		{65BCFA31-A6BB-355E-AEF3-2027ED686D23}.RelWithDebInfo|x64.ActiveCfg = RelWithDebInfo|x64
		{65BCFA31-A6BB-355E-AEF3-2027ED686D23}.RelWithDebInfo|x64.Build.0 = RelWithDebInfo|x64
		{92C4930C-B6F6-3CFF-8AF0-C7A7DD16E447}.Debug|x64.ActiveCfg = Debug|x64
		{92C4930C-B6F6-3CFF-8AF0-C7A7DD16E447}.Debug|x64.Build.0 = Debug|x64
		{92C4930C-B6F6-3CFF-8AF0-C7A7DD16E447}.Release|x64.ActiveCfg = Release|x64
		{92C4930C-B6F6-3CFF-8AF0-C7A7DD16E447}.Release|x64.Build.0 = Release|x64
		{92C4930C-B6F6-3CFF-8AF0-C7A7DD16E447}.MinSizeRel|x64.ActiveCfg = MinSizeRel|x64
		{92C4930C-B6F6-3CFF-8AF0-C7A7DD16E447}.MinSizeRel|x64.Build.0 = MinSizeRel|x64
		{92C4930C-B6F6-3CFF-8AF0-C7A7DD16E447}.RelWithDebInfo|x64.ActiveCfg = RelWithDebInfo|x64
		{92C4930C-B6F6-3CFF-8AF0-C7A7DD16E447}.RelWithDebInfo|x64.Build.0 = RelWithDebInfo|x64
		{5D6BD043-99BD-341A-BE54-FF0145D2CD9C}.Debug|x64.ActiveCfg = Debug|x64
		{5D6BD043-99BD-341A-BE54-FF0145D2CD9C}.Debug|x64.Build.0 = Debug|x64
		{5D6BD043-99BD-341A-BE54-FF0145D2CD9C}.Release|x64.ActiveCfg = Release|x64
		{5D6BD043-99BD-341A-BE54-FF0145D2CD9C}.Release|x64.Build.0 = Release|x64
		{5D6BD043-99BD-341A-BE54-FF0145D2CD9C}.MinSizeRel|x64.ActiveCfg = MinSizeRel|x64
		{5D6BD043-99BD-341A-BE54-FF0145D2CD9C}.MinSizeRel|x64.Build.0 = MinSizeRel|x64
		{5D6BD043-99BD-341A-BE54-FF0145D2CD9C}.RelWithDebInfo|x64.ActiveCfg = RelWithDebInfo|x64
		{5D6BD043-99BD-341A-BE54-FF0145D2CD9C}.RelWithDebInfo|x64.Build.0 = RelWithDebInfo|x64
		{6B85053C-9D63-3095-A42C-6A1281EB2D87}.Debug|x64.ActiveCfg = Debug|x64
		{6B85053C-9D63-3095-A42C-6A1281EB2D87}.Debug|x64.Build.0 = Debug|x64
		{6B85053C-9D63-3095-A42C-6A1281EB2D87}.Release|x64.ActiveCfg = Release|x64
		{6B85053C-9D63-3095-A42C-6A1281EB2D87}.Release|x64.Build.0 = Release|x64
		{6B85053C-9D63-3095-A42C-6A1281EB2D87}.MinSizeRel|x64.ActiveCfg = MinSizeRel|x64
		{6B85053C-9D63-3095-A42C-6A1281EB2D87}.MinSizeRel|x64.Build.0 = MinSizeRel|x64
		{6B85053C-9D63-3095-A42C-6A1281EB2D87}.RelWithDebInfo|x64.ActiveCfg = RelWithDebInfo|x64
		{6B85053C-9D63-3095-A42C-6A1281EB2D87}.RelWithDebInfo|x64.Build.0 = RelWithDebInfo|x64
		{E6E85A16-CFE8-3715-AB13-BA34AA80B754}.Debug|x64.ActiveCfg = Debug|x64
		{E6E85A16-CFE8-3715-AB13-BA34AA80B754}.Debug|x64.Build.0 = Debug|x64
		{E6E85A16-CFE8-3715-AB13-BA34AA80B754}.Release|x64.ActiveCfg = Release|x64
		{E6E85A16-CFE8-3715-AB13-BA34AA80B754}.Release|x64.Build.0 = Release|x64
		{E6E85A16-CFE8-3715-AB13-BA34AA80B754}.MinSizeRel|x64.ActiveCfg = MinSizeRel|x64
		{E6E85A16-CFE8-3715-AB13-BA34AA80B754}.MinSizeRel|x64.Build.0 = MinSizeRel|x64
		{E6E85A16-CFE8-3715-AB13-BA34AA80B754}.RelWithDebInfo|x64.ActiveCfg = RelWithDebInfo|x64
		{E6E85A16-CFE8-3715-AB13-BA34AA80B754}.RelWithDebInfo|x64.Build.0 = RelWithDebInfo|x64
		{BB12DE3E-439A-3990-BDF5-5B8E9AEABE15}.Debug|x64.ActiveCfg = Debug|x64
		{BB12DE3E-439A-3990-BDF5-5B8E9AEABE15}.Debug|x64.Build.0 = Debug|x64
		{BB12DE3E-439A-3990-BDF5-5B8E9AEABE15}.Release|x64.ActiveCfg = Release|x64
		{BB12DE3E-439A-3990-BDF5-5B8E9AEABE15}.Release|x64.Build.0 = Release|x64
		{BB12DE3E-439A-3990-BDF5-5B8E9AEABE15}.MinSizeRel|x64.ActiveCfg = MinSizeRel|x64
		{BB12DE3E-439A-3990-BDF5-5B8E9AEABE15}.MinSizeRel|x64.Build.0 = MinSizeRel|x64
		{BB12DE3E-439A-3990-BDF5-5B8E9AEABE15}.RelWithDebInfo|x64.ActiveCfg = RelWithDebInfo|x64
		{BB12DE3E-439A-3990-BDF5-5B8E9AEABE15}.RelWithDebInfo|x64.Build.0 = RelWithDebInfo|x64
	EndGlobalSection
	GlobalSection(ExtensibilityGlobals) = postSolution
		SolutionGuid = {8513544B-5E33-3597-A4DC-745227C18105}
	EndGlobalSection
	GlobalSection(ExtensibilityAddIns) = postSolution
	EndGlobalSection
EndGlobal
