<?xml version="1.0" encoding="utf-8"?>
<Project ToolsVersion="17.0" xmlns="http://schemas.microsoft.com/developer/msbuild/2003">
  <ItemGroup>
    <ClCompile Include="D:\LEAP_Protocol\tests\test_main.c">
      <Filter>Source Files</Filter>
    </ClCompile>
    <ClCompile Include="D:\LEAP_Protocol\tests\test_harness.c">
      <Filter>Source Files</Filter>
    </ClCompile>
    <ClCompile Include="D:\LEAP_Protocol\tests\test_crc.c">
      <Filter>Source Files</Filter>
    </ClCompile>
    <ClCompile Include="D:\LEAP_Protocol\tests\test_frame_vectors.c">
      <Filter>Source Files</Filter>
    </ClCompile>
    <ClCompile Include="D:\LEAP_Protocol\tests\test_frame_roundtrip.c">
      <Filter>Source Files</Filter>
    </ClCompile>
    <ClCompile Include="D:\LEAP_Protocol\tests\test_frame_fuzz.c">
      <Filter>Source Files</Filter>
    </ClCompile>
    <ClCompile Include="D:\LEAP_Protocol\tests\test_frame_fragment.c">
      <Filter>Source Files</Filter>
    </ClCompile>
    <ClCompile Include="D:\LEAP_Protocol\tests\test_mgmt_device.c">
      <Filter>Source Files</Filter>
    </ClCompile>
    <ClCompile Include="D:\LEAP_Protocol\tests\test_mgmt_boundaries.c">
      <Filter>Source Files</Filter>
    </ClCompile>
    <ClCompile Include="D:\LEAP_Protocol\tests\test_mgmt_process.c">
      <Filter>Source Files</Filter>
    </ClCompile>
    <ClCompile Include="D:\LEAP_Protocol\tests\test_pd_device.c">
      <Filter>Source Files</Filter>
    </ClCompile>
    <ClCompile Include="D:\LEAP_Protocol\tests\test_pd_controller.c">
      <Filter>Source Files</Filter>
    </ClCompile>
    <ClCompile Include="D:\LEAP_Protocol\tests\test_pd_common.c">
      <Filter>Source Files</Filter>
    </ClCompile>
    <ClCompile Include="D:\LEAP_Protocol\tests\test_disc_device.c">
      <Filter>Source Files</Filter>
    </ClCompile>
    <ClCompile Include="D:\LEAP_Protocol\tests\test_disc_controller.c">
      <Filter>Source Files</Filter>
    </ClCompile>
    <ClCompile Include="D:\LEAP_Protocol\tests\test_dir_device.c">
      <Filter>Source Files</Filter>
    </ClCompile>
    <ClCompile Include="D:\LEAP_Protocol\tests\test_diag_device.c">
      <Filter>Source Files</Filter>
    </ClCompile>
    <ClCompile Include="D:\LEAP_Protocol\tests\test_diag_controller.c">
      <Filter>Source Files</Filter>
    </ClCompile>
    <ClCompile Include="D:\LEAP_Protocol\tests\test_controller_stack.c">
      <Filter>Source Files</Filter>
    </ClCompile>
    <ClCompile Include="D:\LEAP_Protocol\tests\test_controller_peer.c">
      <Filter>Source Files</Filter>
    </ClCompile>
    <ClCompile Include="D:\LEAP_Protocol\tests\test_controller_sequence.c">
      <Filter>Source Files</Filter>
    </ClCompile>
    <ClCompile Include="D:\LEAP_Protocol\tests\test_controller_session_hub.c">
      <Filter>Source Files</Filter>
    </ClCompile>
    <ClCompile Include="D:\LEAP_Protocol\tests\test_mgmt_controller.c">
      <Filter>Source Files</Filter>
    </ClCompile>
    <ClCompile Include="D:\LEAP_Protocol\tests\test_device_stack.c">
      <Filter>Source Files</Filter>
    </ClCompile>
    <ClCompile Include="D:\LEAP_Protocol\tests\test_comms_loss.c">
      <Filter>Source Files</Filter>
    </ClCompile>
    <ClCompile Include="D:\LEAP_Protocol\tests\test_raw_linux_stats.c">
      <Filter>Source Files</Filter>
    </ClCompile>
    <ClCompile Include="D:\LEAP_Protocol\tests\test_util.c">
      <Filter>Source Files</Filter>
    </ClCompile>
    <ClCompile Include="D:\LEAP_Protocol\tests\leap_test_frame.c">
      <Filter>Source Files</Filter>
    </ClCompile>
  </ItemGroup>
  <ItemGroup>
    <CustomBuild Include="D:\LEAP_Protocol\CMakeLists.txt" />
  </ItemGroup>
  <ItemGroup>
    <Filter Include="Source Files">
      <UniqueIdentifier>{92A36126-E89D-3F7F-AC38-89D7F7783010}</UniqueIdentifier>
    </Filter>
  </ItemGroup>
</Project>
