<?xml version="1.0" encoding="utf-8"?>
<Project ToolsVersion="17.0" xmlns="http://schemas.microsoft.com/developer/msbuild/2003">
  <ItemGroup>
    <ClCompile Include="D:\LEAP_Protocol\examples\win_l2\device_main.c">
      <Filter>Source Files</Filter>
    </ClCompile>
    <ClCompile Include="D:\LEAP_Protocol\examples\win_l2\leap_win_common.c">
      <Filter>Source Files</Filter>
    </ClCompile>
    <ClCompile Include="D:\LEAP_Protocol\examples\win_l2\leap_win_device_io.c">
      <Filter>Source Files</Filter>
    </ClCompile>
    <ClCompile Include="D:\LEAP_Protocol\examples\win_smoke\leap_win_io.c">
      <Filter>Source Files</Filter>
    </ClCompile>
  </ItemGroup>
  <ItemGroup>
    <CustomBuild Include="D:\LEAP_Protocol\CMakeLists.txt" />
  </ItemGroup>
  <ItemGroup>
    <Filter Include="Source Files">
      <UniqueIdentifier>{92A36126-E89D-3F7F-AC38-89D7F7783010}</UniqueIdentifier>
    </Filter>
  </ItemGroup>
</Project>
