<?xml version="1.0" encoding="utf-8"?>
<Project ToolsVersion="17.0" xmlns="http://schemas.microsoft.com/developer/msbuild/2003">
  <ItemGroup>
    <ClCompile Include="D:\LEAP_Protocol\src\crc\leap_crc.c">
      <Filter>Source Files</Filter>
    </ClCompile>
    <ClCompile Include="D:\LEAP_Protocol\src\frame\leap_frame.c">
      <Filter>Source Files</Filter>
    </ClCompile>
    <ClCompile Include="D:\LEAP_Protocol\src\services\disc\leap_disc_device.c">
      <Filter>Source Files</Filter>
    </ClCompile>
    <ClCompile Include="D:\LEAP_Protocol\src\services\disc\leap_disc_controller.c">
      <Filter>Source Files</Filter>
    </ClCompile>
    <ClCompile Include="D:\LEAP_Protocol\src\services\mgmt\leap_mgmt_device.c">
      <Filter>Source Files</Filter>
    </ClCompile>
    <ClCompile Include="D:\LEAP_Protocol\src\services\mgmt\leap_mgmt_process.c">
      <Filter>Source Files</Filter>
    </ClCompile>
    <ClCompile Include="D:\LEAP_Protocol\src\services\mgmt\leap_mgmt_controller.c">
      <Filter>Source Files</Filter>
    </ClCompile>
    <ClCompile Include="D:\LEAP_Protocol\src\services\dir\leap_dir_device.c">
      <Filter>Source Files</Filter>
    </ClCompile>
    <ClCompile Include="D:\LEAP_Protocol\src\services\dir\leap_dir_controller.c">
      <Filter>Source Files</Filter>
    </ClCompile>
    <ClCompile Include="D:\LEAP_Protocol\src\services\pd\leap_pd_device.c">
      <Filter>Source Files</Filter>
    </ClCompile>
    <ClCompile Include="D:\LEAP_Protocol\src\services\pd\leap_pd_common.c">
      <Filter>Source Files</Filter>
    </ClCompile>
    <ClCompile Include="D:\LEAP_Protocol\src\services\pd\leap_pd_controller.c">
      <Filter>Source Files</Filter>
    </ClCompile>
    <ClCompile Include="D:\LEAP_Protocol\src\leap_device_stack.c">
      <Filter>Source Files</Filter>
    </ClCompile>
    <ClCompile Include="D:\LEAP_Protocol\src\leap_controller_stack.c">
      <Filter>Source Files</Filter>
    </ClCompile>
    <ClCompile Include="D:\LEAP_Protocol\src\leap_controller_peer.c">
      <Filter>Source Files</Filter>
    </ClCompile>
    <ClCompile Include="D:\LEAP_Protocol\src\leap_controller_sequence.c">
      <Filter>Source Files</Filter>
    </ClCompile>
    <ClCompile Include="D:\LEAP_Protocol\src\leap_controller_session_hub.c">
      <Filter>Source Files</Filter>
    </ClCompile>
    <ClCompile Include="D:\LEAP_Protocol\src\leap_log.c">
      <Filter>Source Files</Filter>
    </ClCompile>
    <ClCompile Include="D:\LEAP_Protocol\src\services\diag\leap_diag_device.c">
      <Filter>Source Files</Filter>
    </ClCompile>
    <ClCompile Include="D:\LEAP_Protocol\src\services\diag\leap_diag_controller.c">
      <Filter>Source Files</Filter>
    </ClCompile>
    <ClCompile Include="D:\LEAP_Protocol\src\transport\leap_raw_winpcap.c">
      <Filter>Source Files</Filter>
    </ClCompile>
    <ClCompile Include="D:\LEAP_Protocol\src\transport\leap_raw_linux.c">
      <Filter>Source Files</Filter>
    </ClCompile>
  </ItemGroup>
  <ItemGroup>
    <CustomBuild Include="D:\LEAP_Protocol\CMakeLists.txt" />
  </ItemGroup>
  <ItemGroup>
    <Filter Include="Source Files">
      <UniqueIdentifier>{92A36126-E89D-3F7F-AC38-89D7F7783010}</UniqueIdentifier>
    </Filter>
  </ItemGroup>
</Project>
