<?xml version="1.0" encoding="utf-8"?>
<Project ToolsVersion="17.0" xmlns="http://schemas.microsoft.com/developer/msbuild/2003">
  <ItemGroup>
    <CustomBuild Include="D:\LEAP_Protocol\build-win\CMakeFiles\6c05570320d8391e234089afc89a0766\RUN_TESTS_force.rule">
      <Filter>CMake Rules</Filter>
    </CustomBuild>
  </ItemGroup>
  <ItemGroup>
    <Filter Include="CMake Rules">
      <UniqueIdentifier>{554065A0-0A7E-389D-8203-7730DAECBF41}</UniqueIdentifier>
    </Filter>
  </ItemGroup>
</Project>
